{
    "name": "@saltcute/logger",
    "version": "1.0.0",
    "lockfileVersion": 3,
    "requires": true,
    "packages": {
        "": {
            "name": "@saltcute/logger",
            "version": "1.0.0",
            "license": "MIT",
            "dependencies": {
                "@loglayer/log-level-manager-global": "^2.2.0",
                "@loglayer/log-level-manager-one-way": "^2.2.0",
                "@loglayer/transport-pino": "^3.2.0",
                "dotenv": "^17.4.2",
                "loglayer": "^9.3.0",
                "pino": "^10.3.1"
            },
            "devDependencies": {
                "@biomejs/biome": "^2.5.0",
                "@types/node": "^25.9.3",
                "rimraf": "^6.1.3",
                "tsc-alias": "^1.8.17",
                "typescript": "^6.0.3"
            }
        },
        "node_modules/@biomejs/biome": {
            "version": "2.5.0",
            "resolved": "https://registry.npmjs.org/@biomejs/biome/-/biome-2.5.0.tgz",
            "integrity": "sha512-4kURkd9hAPrdDM3C9n82ycYgx8hvQcW6MjKTEejruj8rK0N8P3OPpdy8BvI8kt3KWY4ycF5XtDOrktetEfhfuw==",
            "dev": true,
            "license": "MIT OR Apache-2.0",
            "bin": {
                "biome": "bin/biome"
            },
            "engines": {
                "node": ">=14.21.3"
            },
            "funding": {
                "type": "opencollective",
                "url": "https://opencollective.com/biome"
            },
            "optionalDependencies": {
                "@biomejs/cli-darwin-arm64": "2.5.0",
                "@biomejs/cli-darwin-x64": "2.5.0",
                "@biomejs/cli-linux-arm64": "2.5.0",
                "@biomejs/cli-linux-arm64-musl": "2.5.0",
                "@biomejs/cli-linux-x64": "2.5.0",
                "@biomejs/cli-linux-x64-musl": "2.5.0",
                "@biomejs/cli-win32-arm64": "2.5.0",
                "@biomejs/cli-win32-x64": "2.5.0"
            }
        },
        "node_modules/@biomejs/cli-darwin-arm64": {
            "version": "2.5.0",
            "resolved": "https://registry.npmjs.org/@biomejs/cli-darwin-arm64/-/cli-darwin-arm64-2.5.0.tgz",
            "integrity": "sha512-Mn3Fwi3SA5fgmfCPqmzpWF2DLZnms3BVAhM088nTnGrTZmHS3wwIjcoZPqpXeNgd3DrrLH6xp8vTLIBuJoZiXw==",
            "cpu": [
                "arm64"
            ],
            "dev": true,
            "license": "MIT OR Apache-2.0",
            "optional": true,
            "os": [
                "darwin"
            ],
            "engines": {
                "node": ">=14.21.3"
            }
        },
        "node_modules/@biomejs/cli-darwin-x64": {
            "version": "2.5.0",
            "resolved": "https://registry.npmjs.org/@biomejs/cli-darwin-x64/-/cli-darwin-x64-2.5.0.tgz",
            "integrity": "sha512-rg3VPL5P8mYro6pqlXYXuJWph21slVp3SZtAqWSrkZs40d2gTzYmHF8E/X1iTID25btmNKltNDJ926sqVBp7DQ==",
            "cpu": [
                "x64"
            ],
            "dev": true,
            "license": "MIT OR Apache-2.0",
            "optional": true,
            "os": [
                "darwin"
            ],
            "engines": {
                "node": ">=14.21.3"
            }
        },
        "node_modules/@biomejs/cli-linux-arm64": {
            "version": "2.5.0",
            "resolved": "https://registry.npmjs.org/@biomejs/cli-linux-arm64/-/cli-linux-arm64-2.5.0.tgz",
            "integrity": "sha512-tl+LW8fdD96/xdeWtWwc82LIOc5CoY7N2AsogLTp5R4ECErYt+8Jl/N68ezN9vzSiqPTxw6vjcihoLPYKZHrlw==",
            "cpu": [
                "arm64"
            ],
            "dev": true,
            "license": "MIT OR Apache-2.0",
            "optional": true,
            "os": [
                "linux"
            ],
            "engines": {
                "node": ">=14.21.3"
            }
        },
        "node_modules/@biomejs/cli-linux-arm64-musl": {
            "version": "2.5.0",
            "resolved": "https://registry.npmjs.org/@biomejs/cli-linux-arm64-musl/-/cli-linux-arm64-musl-2.5.0.tgz",
            "integrity": "sha512-vQdM4oSGaf7ZNeGO9w5+Y8SBtyser9M6znxYbm7Ec8wInxJu1WiKxFYZW5Auj2d80bcVvefuGGRxoFOE0eee8g==",
            "cpu": [
                "arm64"
            ],
            "dev": true,
            "license": "MIT OR Apache-2.0",
            "optional": true,
            "os": [
                "linux"
            ],
            "engines": {
                "node": ">=14.21.3"
            }
        },
        "node_modules/@biomejs/cli-linux-x64": {
            "version": "2.5.0",
            "resolved": "https://registry.npmjs.org/@biomejs/cli-linux-x64/-/cli-linux-x64-2.5.0.tgz",
            "integrity": "sha512-zpEGf4RQbFEh8Vt7OmavLyyOzRbtcE9osCqrS1kfvt8jDvxwhKXLSf7n0ebr/ov0RJ9ssP+lhs6C8a9WwFvrQA==",
            "cpu": [
                "x64"
            ],
            "dev": true,
            "license": "MIT OR Apache-2.0",
            "optional": true,
            "os": [
                "linux"
            ],
            "engines": {
                "node": ">=14.21.3"
            }
        },
        "node_modules/@biomejs/cli-linux-x64-musl": {
            "version": "2.5.0",
            "resolved": "https://registry.npmjs.org/@biomejs/cli-linux-x64-musl/-/cli-linux-x64-musl-2.5.0.tgz",
            "integrity": "sha512-+9hIcMngJ+yGUahXqZuZ8CoWKJE9SAZsFsM3QDvXpNsLbXZ9lqVzgBhOk/jTSYkOA0GLP9eu3teukqpLUojHMg==",
            "cpu": [
                "x64"
            ],
            "dev": true,
            "license": "MIT OR Apache-2.0",
            "optional": true,
            "os": [
                "linux"
            ],
            "engines": {
                "node": ">=14.21.3"
            }
        },
        "node_modules/@biomejs/cli-win32-arm64": {
            "version": "2.5.0",
            "resolved": "https://registry.npmjs.org/@biomejs/cli-win32-arm64/-/cli-win32-arm64-2.5.0.tgz",
            "integrity": "sha512-jB0wAvTLI4itx5VidqVUejPQFhRUxiZ9l9FvZ26D5fl6t3qme+ZB4PD3bTSeL1vZ8NI2Rx/zj6H9zcESuGHKGw==",
            "cpu": [
                "arm64"
            ],
            "dev": true,
            "license": "MIT OR Apache-2.0",
            "optional": true,
            "os": [
                "win32"
            ],
            "engines": {
                "node": ">=14.21.3"
            }
        },
        "node_modules/@biomejs/cli-win32-x64": {
            "version": "2.5.0",
            "resolved": "https://registry.npmjs.org/@biomejs/cli-win32-x64/-/cli-win32-x64-2.5.0.tgz",
            "integrity": "sha512-VT/lF+GId+67j8aDfLkxdxNoVApsPSTbyAtB3jJq0IWTrY77WXfbPfpngxq0bA6JCEv/7k8C9qWjDRKRznDlyw==",
            "cpu": [
                "x64"
            ],
            "dev": true,
            "license": "MIT OR Apache-2.0",
            "optional": true,
            "os": [
                "win32"
            ],
            "engines": {
                "node": ">=14.21.3"
            }
        },
        "node_modules/@loglayer/context-manager": {
            "version": "2.2.0",
            "resolved": "https://registry.npmjs.org/@loglayer/context-manager/-/context-manager-2.2.0.tgz",
            "integrity": "sha512-rnAXJIMRCUFuMtWNDK1F9vyh29SQQA659LVHHVv6AxvyQ/5DJpIkM7VhfuPVFV2EfnZXv343zbxDr29La5SOyA==",
            "license": "MIT",
            "dependencies": {
                "@loglayer/shared": "4.3.0"
            },
            "engines": {
                "node": ">=18"
            }
        },
        "node_modules/@loglayer/log-level-manager": {
            "version": "2.2.0",
            "resolved": "https://registry.npmjs.org/@loglayer/log-level-manager/-/log-level-manager-2.2.0.tgz",
            "integrity": "sha512-ifJ6i2Tc0vwNhPS8Ugr/Y5iabNmcX+QnXnPzjz2aKxgNQQGYZ6qWlAI7WI75tINRr9S+4xxbvim9hNjQ42z7Lw==",
            "license": "MIT",
            "dependencies": {
                "@loglayer/shared": "4.3.0"
            },
            "engines": {
                "node": ">=18"
            }
        },
        "node_modules/@loglayer/log-level-manager-global": {
            "version": "2.2.0",
            "resolved": "https://registry.npmjs.org/@loglayer/log-level-manager-global/-/log-level-manager-global-2.2.0.tgz",
            "integrity": "sha512-iR+L1euUx/V7/SfmlkuLp0kyP4QrkIKyTcER3rfX5+JSDtpiPAo+wCHtJ7PdvQ1rVt4VeNizlipM0Ym9LpuDRQ==",
            "license": "MIT",
            "dependencies": {
                "@loglayer/log-level-manager": "2.2.0"
            },
            "engines": {
                "node": ">=18"
            }
        },
        "node_modules/@loglayer/log-level-manager-one-way": {
            "version": "2.2.0",
            "resolved": "https://registry.npmjs.org/@loglayer/log-level-manager-one-way/-/log-level-manager-one-way-2.2.0.tgz",
            "integrity": "sha512-CFfF7zbK4tVwDicB8Cywi71tEnLOARu3CmWCqeJ+YNxK5QdN25OTAGXv5g3nBq1PZpt4+YrPgxvGTNvmui8oxQ==",
            "license": "MIT",
            "dependencies": {
                "@loglayer/log-level-manager": "2.2.0"
            },
            "engines": {
                "node": ">=18"
            }
        },
        "node_modules/@loglayer/plugin": {
            "version": "3.2.0",
            "resolved": "https://registry.npmjs.org/@loglayer/plugin/-/plugin-3.2.0.tgz",
            "integrity": "sha512-yBqmZeY0+5uFzbUkSrH82tzDfo1YhzCyBx+ZEvikkYAkOlAlQHEFda4Ue+il4Km2FrCCCG0qPgMEd3Mz8kIITg==",
            "license": "MIT",
            "dependencies": {
                "@loglayer/shared": "4.3.0"
            },
            "engines": {
                "node": ">=18"
            }
        },
        "node_modules/@loglayer/shared": {
            "version": "4.3.0",
            "resolved": "https://registry.npmjs.org/@loglayer/shared/-/shared-4.3.0.tgz",
            "integrity": "sha512-jlNeh0+uOGlKMhKk1Sx9Qdk7ni+I3hHZz2LB7Lp8BmUnqHD0TGRhsp2rV/zMiszSYUwI8XGvNrZttpxBL05U5A==",
            "license": "MIT",
            "engines": {
                "node": ">=18"
            }
        },
        "node_modules/@loglayer/transport": {
            "version": "3.2.0",
            "resolved": "https://registry.npmjs.org/@loglayer/transport/-/transport-3.2.0.tgz",
            "integrity": "sha512-UMnlJggWIAYzZv8PN9dR3v7qMDG7vKVyPJjyfypBa8Y2yLk/4XzDp2fAvSd1OJKWQh03lO7GfGpo87SSYoIANg==",
            "license": "MIT",
            "dependencies": {
                "@loglayer/shared": "4.3.0"
            },
            "engines": {
                "node": ">=18"
            }
        },
        "node_modules/@loglayer/transport-pino": {
            "version": "3.2.0",
            "resolved": "https://registry.npmjs.org/@loglayer/transport-pino/-/transport-pino-3.2.0.tgz",
            "integrity": "sha512-Hg8ogflMZy/v7ogkbRPHzUEp4LSlLkEaNk2Qh5Q8NCBUBGPj496Xb5pBnWfg3f00Vz1A4Rg53pka1REMHRfXYw==",
            "license": "MIT",
            "dependencies": {
                "@loglayer/transport": "3.2.0"
            },
            "engines": {
                "node": ">=18"
            },
            "peerDependencies": {
                "pino": "*"
            }
        },
        "node_modules/@nodelib/fs.scandir": {
            "version": "2.1.5",
            "resolved": "https://registry.npmjs.org/@nodelib/fs.scandir/-/fs.scandir-2.1.5.tgz",
            "integrity": "sha512-vq24Bq3ym5HEQm2NKCr3yXDwjc7vTsEThRDnkp2DK9p1uqLR+DHurm/NOTo0KG7HYHU7eppKZj3MyqYuMBf62g==",
            "dev": true,
            "license": "MIT",
            "dependencies": {
                "@nodelib/fs.stat": "2.0.5",
                "run-parallel": "^1.1.9"
            },
            "engines": {
                "node": ">= 8"
            }
        },
        "node_modules/@nodelib/fs.stat": {
            "version": "2.0.5",
            "resolved": "https://registry.npmjs.org/@nodelib/fs.stat/-/fs.stat-2.0.5.tgz",
            "integrity": "sha512-RkhPPp2zrqDAQA/2jNhnztcPAlv64XdhIp7a7454A5ovI7Bukxgt7MX7udwAu3zg1DcpPU0rz3VV1SeaqvY4+A==",
            "dev": true,
            "license": "MIT",
            "engines": {
                "node": ">= 8"
            }
        },
        "node_modules/@nodelib/fs.walk": {
            "version": "1.2.8",
            "resolved": "https://registry.npmjs.org/@nodelib/fs.walk/-/fs.walk-1.2.8.tgz",
            "integrity": "sha512-oGB+UxlgWcgQkgwo8GcEGwemoTFt3FIO9ababBmaGwXIoBKZ+GTy0pP185beGg7Llih/NSHSV2XAs1lnznocSg==",
            "dev": true,
            "license": "MIT",
            "dependencies": {
                "@nodelib/fs.scandir": "2.1.5",
                "fastq": "^1.6.0"
            },
            "engines": {
                "node": ">= 8"
            }
        },
        "node_modules/@pinojs/redact": {
            "version": "0.4.0",
            "resolved": "https://registry.npmjs.org/@pinojs/redact/-/redact-0.4.0.tgz",
            "integrity": "sha512-k2ENnmBugE/rzQfEcdWHcCY+/FM3VLzH9cYEsbdsoqrvzAKRhUZeRNhAZvB8OitQJ1TBed3yqWtdjzS6wJKBwg==",
            "license": "MIT"
        },
        "node_modules/@types/node": {
            "version": "25.9.3",
            "resolved": "https://registry.npmjs.org/@types/node/-/node-25.9.3.tgz",
            "integrity": "sha512-603BddQMv3pUcr4U2dhujk83N2tTDVr/34wII2B6bJy6g+8WD6yUb11jszNs0gdi4PesVWl7ABt8nYMVpnLUcg==",
            "dev": true,
            "license": "MIT",
            "dependencies": {
                "undici-types": ">=7.24.0 <7.24.7"
            }
        },
        "node_modules/anymatch": {
            "version": "3.1.3",
            "resolved": "https://registry.npmjs.org/anymatch/-/anymatch-3.1.3.tgz",
            "integrity": "sha512-KMReFUr0B4t+D+OBkjR3KYqvocp2XaSzO55UcB6mgQMd3KbcE+mWTyvVV7D/zsdEbNnV6acZUutkiHQXvTr1Rw==",
            "dev": true,
            "license": "ISC",
            "dependencies": {
                "normalize-path": "^3.0.0",
                "picomatch": "^2.0.4"
            },
            "engines": {
                "node": ">= 8"
            }
        },
        "node_modules/array-union": {
            "version": "2.1.0",
            "resolved": "https://registry.npmjs.org/array-union/-/array-union-2.1.0.tgz",
            "integrity": "sha512-HGyxoOTYUyCM6stUe6EJgnd4EoewAI7zMdfqO+kGjnlZmBDz/cR5pf8r/cR4Wq60sL/p0IkcjUEEPwS3GFrIyw==",
            "dev": true,
            "license": "MIT",
            "engines": {
                "node": ">=8"
            }
        },
        "node_modules/atomic-sleep": {
            "version": "1.0.0",
            "resolved": "https://registry.npmjs.org/atomic-sleep/-/atomic-sleep-1.0.0.tgz",
            "integrity": "sha512-kNOjDqAh7px0XWNI+4QbzoiR/nTkHAWNud2uvnJquD1/x5a7EQZMJT0AczqK0Qn67oY/TTQ1LbUKajZpp3I9tQ==",
            "license": "MIT",
            "engines": {
                "node": ">=8.0.0"
            }
        },
        "node_modules/balanced-match": {
            "version": "4.0.4",
            "resolved": "https://registry.npmjs.org/balanced-match/-/balanced-match-4.0.4.tgz",
            "integrity": "sha512-BLrgEcRTwX2o6gGxGOCNyMvGSp35YofuYzw9h1IMTRmKqttAZZVU67bdb9Pr2vUHA8+j3i2tJfjO6C6+4myGTA==",
            "dev": true,
            "license": "MIT",
            "engines": {
                "node": "18 || 20 || >=22"
            }
        },
        "node_modules/binary-extensions": {
            "version": "2.3.0",
            "resolved": "https://registry.npmjs.org/binary-extensions/-/binary-extensions-2.3.0.tgz",
            "integrity": "sha512-Ceh+7ox5qe7LJuLHoY0feh3pHuUDHAcRUeyL2VYghZwfpkNIy/+8Ocg0a3UuSoYzavmylwuLWQOf3hl0jjMMIw==",
            "dev": true,
            "license": "MIT",
            "engines": {
                "node": ">=8"
            },
            "funding": {
                "url": "https://github.com/sponsors/sindresorhus"
            }
        },
        "node_modules/brace-expansion": {
            "version": "5.0.6",
            "resolved": "https://registry.npmjs.org/brace-expansion/-/brace-expansion-5.0.6.tgz",
            "integrity": "sha512-kLpxurY4Z4r9sgMsyG0Z9uzsBlgiU/EFKhj/h91/8yHu0edo7XuixOIH3VcJ8kkxs6/jPzoI6U9Vj3WqbMQ94g==",
            "dev": true,
            "license": "MIT",
            "dependencies": {
                "balanced-match": "^4.0.2"
            },
            "engines": {
                "node": "18 || 20 || >=22"
            }
        },
        "node_modules/braces": {
            "version": "3.0.3",
            "resolved": "https://registry.npmjs.org/braces/-/braces-3.0.3.tgz",
            "integrity": "sha512-yQbXgO/OSZVD2IsiLlro+7Hf6Q18EJrKSEsdoMzKePKXct3gvD8oLcOQdIzGupr5Fj+EDe8gO/lxc1BzfMpxvA==",
            "dev": true,
            "license": "MIT",
            "dependencies": {
                "fill-range": "^7.1.1"
            },
            "engines": {
                "node": ">=8"
            }
        },
        "node_modules/chokidar": {
            "version": "3.6.0",
            "resolved": "https://registry.npmjs.org/chokidar/-/chokidar-3.6.0.tgz",
            "integrity": "sha512-7VT13fmjotKpGipCW9JEQAusEPE+Ei8nl6/g4FBAmIm0GOOLMua9NDDo/DWp0ZAxCr3cPq5ZpBqmPAQgDda2Pw==",
            "dev": true,
            "license": "MIT",
            "dependencies": {
                "anymatch": "~3.1.2",
                "braces": "~3.0.2",
                "glob-parent": "~5.1.2",
                "is-binary-path": "~2.1.0",
                "is-glob": "~4.0.1",
                "normalize-path": "~3.0.0",
                "readdirp": "~3.6.0"
            },
            "engines": {
                "node": ">= 8.10.0"
            },
            "funding": {
                "url": "https://paulmillr.com/funding/"
            },
            "optionalDependencies": {
                "fsevents": "~2.3.2"
            }
        },
        "node_modules/commander": {
            "version": "9.5.0",
            "resolved": "https://registry.npmjs.org/commander/-/commander-9.5.0.tgz",
            "integrity": "sha512-KRs7WVDKg86PWiuAqhDrAQnTXZKraVcCc6vFdL14qrZ/DcWwuRo7VoiYXalXO7S5GKpqYiVEwCbgFDfxNHKJBQ==",
            "dev": true,
            "license": "MIT",
            "engines": {
                "node": "^12.20.0 || >=14"
            }
        },
        "node_modules/dir-glob": {
            "version": "3.0.1",
            "resolved": "https://registry.npmjs.org/dir-glob/-/dir-glob-3.0.1.tgz",
            "integrity": "sha512-WkrWp9GR4KXfKGYzOLmTuGVi1UWFfws377n9cc55/tb6DuqyF6pcQ5AbiHEshaDpY9v6oaSr2XCDidGmMwdzIA==",
            "dev": true,
            "license": "MIT",
            "dependencies": {
                "path-type": "^4.0.0"
            },
            "engines": {
                "node": ">=8"
            }
        },
        "node_modules/dotenv": {
            "version": "17.4.2",
            "resolved": "https://registry.npmjs.org/dotenv/-/dotenv-17.4.2.tgz",
            "integrity": "sha512-nI4U3TottKAcAD9LLud4Cb7b2QztQMUEfHbvhTH09bqXTxnSie8WnjPALV/WMCrJZ6UV/qHJ6L03OqO3LcdYZw==",
            "license": "BSD-2-Clause",
            "engines": {
                "node": ">=12"
            },
            "funding": {
                "url": "https://dotenvx.com"
            }
        },
        "node_modules/fast-glob": {
            "version": "3.3.3",
            "resolved": "https://registry.npmjs.org/fast-glob/-/fast-glob-3.3.3.tgz",
            "integrity": "sha512-7MptL8U0cqcFdzIzwOTHoilX9x5BrNqye7Z/LuC7kCMRio1EMSyqRK3BEAUD7sXRq4iT4AzTVuZdhgQ2TCvYLg==",
            "dev": true,
            "license": "MIT",
            "dependencies": {
                "@nodelib/fs.stat": "^2.0.2",
                "@nodelib/fs.walk": "^1.2.3",
                "glob-parent": "^5.1.2",
                "merge2": "^1.3.0",
                "micromatch": "^4.0.8"
            },
            "engines": {
                "node": ">=8.6.0"
            }
        },
        "node_modules/fastq": {
            "version": "1.20.1",
            "resolved": "https://registry.npmjs.org/fastq/-/fastq-1.20.1.tgz",
            "integrity": "sha512-GGToxJ/w1x32s/D2EKND7kTil4n8OVk/9mycTc4VDza13lOvpUZTGX3mFSCtV9ksdGBVzvsyAVLM6mHFThxXxw==",
            "dev": true,
            "license": "ISC",
            "dependencies": {
                "reusify": "^1.0.4"
            }
        },
        "node_modules/fill-range": {
            "version": "7.1.1",
            "resolved": "https://registry.npmjs.org/fill-range/-/fill-range-7.1.1.tgz",
            "integrity": "sha512-YsGpe3WHLK8ZYi4tWDg2Jy3ebRz2rXowDxnld4bkQB00cc/1Zw9AWnC0i9ztDJitivtQvaI9KaLyKrc+hBW0yg==",
            "dev": true,
            "license": "MIT",
            "dependencies": {
                "to-regex-range": "^5.0.1"
            },
            "engines": {
                "node": ">=8"
            }
        },
        "node_modules/fsevents": {
            "version": "2.3.3",
            "resolved": "https://registry.npmjs.org/fsevents/-/fsevents-2.3.3.tgz",
            "integrity": "sha512-5xoDfX+fL7faATnagmWPpbFtwh/R77WmMMqqHGS65C3vvB0YHrgF+B1YmZ3441tMj5n63k0212XNoJwzlhffQw==",
            "dev": true,
            "hasInstallScript": true,
            "license": "MIT",
            "optional": true,
            "os": [
                "darwin"
            ],
            "engines": {
                "node": "^8.16.0 || ^10.6.0 || >=11.0.0"
            }
        },
        "node_modules/get-tsconfig": {
            "version": "4.14.0",
            "resolved": "https://registry.npmjs.org/get-tsconfig/-/get-tsconfig-4.14.0.tgz",
            "integrity": "sha512-yTb+8DXzDREzgvYmh6s9vHsSVCHeC0G3PI5bEXNBHtmshPnO+S5O7qgLEOn0I5QvMy6kpZN8K1NKGyilLb93wA==",
            "dev": true,
            "license": "MIT",
            "dependencies": {
                "resolve-pkg-maps": "^1.0.0"
            },
            "funding": {
                "url": "https://github.com/privatenumber/get-tsconfig?sponsor=1"
            }
        },
        "node_modules/glob": {
            "version": "13.0.6",
            "resolved": "https://registry.npmjs.org/glob/-/glob-13.0.6.tgz",
            "integrity": "sha512-Wjlyrolmm8uDpm/ogGyXZXb1Z+Ca2B8NbJwqBVg0axK9GbBeoS7yGV6vjXnYdGm6X53iehEuxxbyiKp8QmN4Vw==",
            "dev": true,
            "license": "BlueOak-1.0.0",
            "dependencies": {
                "minimatch": "^10.2.2",
                "minipass": "^7.1.3",
                "path-scurry": "^2.0.2"
            },
            "engines": {
                "node": "18 || 20 || >=22"
            },
            "funding": {
                "url": "https://github.com/sponsors/isaacs"
            }
        },
        "node_modules/glob-parent": {
            "version": "5.1.2",
            "resolved": "https://registry.npmjs.org/glob-parent/-/glob-parent-5.1.2.tgz",
            "integrity": "sha512-AOIgSQCepiJYwP3ARnGx+5VnTu2HBYdzbGP45eLw1vr3zB3vZLeyed1sC9hnbcOc9/SrMyM5RPQrkGz4aS9Zow==",
            "dev": true,
            "license": "ISC",
            "dependencies": {
                "is-glob": "^4.0.1"
            },
            "engines": {
                "node": ">= 6"
            }
        },
        "node_modules/globby": {
            "version": "11.1.0",
            "resolved": "https://registry.npmjs.org/globby/-/globby-11.1.0.tgz",
            "integrity": "sha512-jhIXaOzy1sb8IyocaruWSn1TjmnBVs8Ayhcy83rmxNJ8q2uWKCAj3CnJY+KpGSXCueAPc0i05kVvVKtP1t9S3g==",
            "dev": true,
            "license": "MIT",
            "dependencies": {
                "array-union": "^2.1.0",
                "dir-glob": "^3.0.1",
                "fast-glob": "^3.2.9",
                "ignore": "^5.2.0",
                "merge2": "^1.4.1",
                "slash": "^3.0.0"
            },
            "engines": {
                "node": ">=10"
            },
            "funding": {
                "url": "https://github.com/sponsors/sindresorhus"
            }
        },
        "node_modules/ignore": {
            "version": "5.3.2",
            "resolved": "https://registry.npmjs.org/ignore/-/ignore-5.3.2.tgz",
            "integrity": "sha512-hsBTNUqQTDwkWtcdYI2i06Y/nUBEsNEDJKjWdigLvegy8kDuJAS8uRlpkkcQpyEXL0Z/pjDy5HBmMjRCJ2gq+g==",
            "dev": true,
            "license": "MIT",
            "engines": {
                "node": ">= 4"
            }
        },
        "node_modules/is-binary-path": {
            "version": "2.1.0",
            "resolved": "https://registry.npmjs.org/is-binary-path/-/is-binary-path-2.1.0.tgz",
            "integrity": "sha512-ZMERYes6pDydyuGidse7OsHxtbI7WVeUEozgR/g7rd0xUimYNlvZRE/K2MgZTjWy725IfelLeVcEM97mmtRGXw==",
            "dev": true,
            "license": "MIT",
            "dependencies": {
                "binary-extensions": "^2.0.0"
            },
            "engines": {
                "node": ">=8"
            }
        },
        "node_modules/is-extglob": {
            "version": "2.1.1",
            "resolved": "https://registry.npmjs.org/is-extglob/-/is-extglob-2.1.1.tgz",
            "integrity": "sha512-SbKbANkN603Vi4jEZv49LeVJMn4yGwsbzZworEoyEiutsN3nJYdbO36zfhGJ6QEDpOZIFkDtnq5JRxmvl3jsoQ==",
            "dev": true,
            "license": "MIT",
            "engines": {
                "node": ">=0.10.0"
            }
        },
        "node_modules/is-glob": {
            "version": "4.0.3",
            "resolved": "https://registry.npmjs.org/is-glob/-/is-glob-4.0.3.tgz",
            "integrity": "sha512-xelSayHH36ZgE7ZWhli7pW34hNbNl8Ojv5KVmkJD4hBdD3th8Tfk9vYasLM+mXWOZhFkgZfxhLSnrwRr4elSSg==",
            "dev": true,
            "license": "MIT",
            "dependencies": {
                "is-extglob": "^2.1.1"
            },
            "engines": {
                "node": ">=0.10.0"
            }
        },
        "node_modules/is-number": {
            "version": "7.0.0",
            "resolved": "https://registry.npmjs.org/is-number/-/is-number-7.0.0.tgz",
            "integrity": "sha512-41Cifkg6e8TylSpdtTpeLVMqvSBEVzTttHvERD741+pnZ8ANv0004MRL43QKPDlK9cGvNp6NZWZUBlbGXYxxng==",
            "dev": true,
            "license": "MIT",
            "engines": {
                "node": ">=0.12.0"
            }
        },
        "node_modules/loglayer": {
            "version": "9.3.0",
            "resolved": "https://registry.npmjs.org/loglayer/-/loglayer-9.3.0.tgz",
            "integrity": "sha512-xiZFMbUCcy8mC+/uV0EzkZV6nbo3qweQjKKQSGkcrug2VpOHudzcoWR0DOl9edr8oS+BwyEjimpG3sF2CW8sww==",
            "license": "MIT",
            "dependencies": {
                "@loglayer/context-manager": "2.2.0",
                "@loglayer/log-level-manager": "2.2.0",
                "@loglayer/plugin": "3.2.0",
                "@loglayer/shared": "4.3.0",
                "@loglayer/transport": "3.2.0"
            },
            "engines": {
                "node": ">=18"
            }
        },
        "node_modules/lru-cache": {
            "version": "11.5.1",
            "resolved": "https://registry.npmjs.org/lru-cache/-/lru-cache-11.5.1.tgz",
            "integrity": "sha512-RPimw/7aMdv2oqRrxKwvZXcPfwBrn/JZ2xYcY9Hus/6LaS3VOAKVWKWgNLCFSiOm1ESXinjsDlidVU7JlnCN2A==",
            "dev": true,
            "license": "BlueOak-1.0.0",
            "engines": {
                "node": "20 || >=22"
            }
        },
        "node_modules/merge2": {
            "version": "1.4.1",
            "resolved": "https://registry.npmjs.org/merge2/-/merge2-1.4.1.tgz",
            "integrity": "sha512-8q7VEgMJW4J8tcfVPy8g09NcQwZdbwFEqhe/WZkoIzjn/3TGDwtOCYtXGxA3O8tPzpczCCDgv+P2P5y00ZJOOg==",
            "dev": true,
            "license": "MIT",
            "engines": {
                "node": ">= 8"
            }
        },
        "node_modules/micromatch": {
            "version": "4.0.8",
            "resolved": "https://registry.npmjs.org/micromatch/-/micromatch-4.0.8.tgz",
            "integrity": "sha512-PXwfBhYu0hBCPw8Dn0E+WDYb7af3dSLVWKi3HGv84IdF4TyFoC0ysxFd0Goxw7nSv4T/PzEJQxsYsEiFCKo2BA==",
            "dev": true,
            "license": "MIT",
            "dependencies": {
                "braces": "^3.0.3",
                "picomatch": "^2.3.1"
            },
            "engines": {
                "node": ">=8.6"
            }
        },
        "node_modules/minimatch": {
            "version": "10.2.5",
            "resolved": "https://registry.npmjs.org/minimatch/-/minimatch-10.2.5.tgz",
            "integrity": "sha512-MULkVLfKGYDFYejP07QOurDLLQpcjk7Fw+7jXS2R2czRQzR56yHRveU5NDJEOviH+hETZKSkIk5c+T23GjFUMg==",
            "dev": true,
            "license": "BlueOak-1.0.0",
            "dependencies": {
                "brace-expansion": "^5.0.5"
            },
            "engines": {
                "node": "18 || 20 || >=22"
            },
            "funding": {
                "url": "https://github.com/sponsors/isaacs"
            }
        },
        "node_modules/minipass": {
            "version": "7.1.3",
            "resolved": "https://registry.npmjs.org/minipass/-/minipass-7.1.3.tgz",
            "integrity": "sha512-tEBHqDnIoM/1rXME1zgka9g6Q2lcoCkxHLuc7ODJ5BxbP5d4c2Z5cGgtXAku59200Cx7diuHTOYfSBD8n6mm8A==",
            "dev": true,
            "license": "BlueOak-1.0.0",
            "engines": {
                "node": ">=16 || 14 >=14.17"
            }
        },
        "node_modules/mylas": {
            "version": "2.1.14",
            "resolved": "https://registry.npmjs.org/mylas/-/mylas-2.1.14.tgz",
            "integrity": "sha512-BzQguy9W9NJgoVn2mRWzbFrFWWztGCcng2QI9+41frfk+Athwgx3qhqhvStz7ExeUUu7Kzw427sNzHpEZNINog==",
            "dev": true,
            "license": "MIT",
            "engines": {
                "node": ">=16.0.0"
            },
            "funding": {
                "type": "github",
                "url": "https://github.com/sponsors/raouldeheer"
            }
        },
        "node_modules/normalize-path": {
            "version": "3.0.0",
            "resolved": "https://registry.npmjs.org/normalize-path/-/normalize-path-3.0.0.tgz",
            "integrity": "sha512-6eZs5Ls3WtCisHWp9S2GUy8dqkpGi4BVSz3GaqiE6ezub0512ESztXUwUB6C6IKbQkY2Pnb/mD4WYojCRwcwLA==",
            "dev": true,
            "license": "MIT",
            "engines": {
                "node": ">=0.10.0"
            }
        },
        "node_modules/on-exit-leak-free": {
            "version": "2.1.2",
            "resolved": "https://registry.npmjs.org/on-exit-leak-free/-/on-exit-leak-free-2.1.2.tgz",
            "integrity": "sha512-0eJJY6hXLGf1udHwfNftBqH+g73EU4B504nZeKpz1sYRKafAghwxEJunB2O7rDZkL4PGfsMVnTXZ2EjibbqcsA==",
            "license": "MIT",
            "engines": {
                "node": ">=14.0.0"
            }
        },
        "node_modules/package-json-from-dist": {
            "version": "1.0.1",
            "resolved": "https://registry.npmjs.org/package-json-from-dist/-/package-json-from-dist-1.0.1.tgz",
            "integrity": "sha512-UEZIS3/by4OC8vL3P2dTXRETpebLI2NiI5vIrjaD/5UtrkFX/tNbwjTSRAGC/+7CAo2pIcBaRgWmcBBHcsaCIw==",
            "dev": true,
            "license": "BlueOak-1.0.0"
        },
        "node_modules/path-scurry": {
            "version": "2.0.2",
            "resolved": "https://registry.npmjs.org/path-scurry/-/path-scurry-2.0.2.tgz",
            "integrity": "sha512-3O/iVVsJAPsOnpwWIeD+d6z/7PmqApyQePUtCndjatj/9I5LylHvt5qluFaBT3I5h3r1ejfR056c+FCv+NnNXg==",
            "dev": true,
            "license": "BlueOak-1.0.0",
            "dependencies": {
                "lru-cache": "^11.0.0",
                "minipass": "^7.1.2"
            },
            "engines": {
                "node": "18 || 20 || >=22"
            },
            "funding": {
                "url": "https://github.com/sponsors/isaacs"
            }
        },
        "node_modules/path-type": {
            "version": "4.0.0",
            "resolved": "https://registry.npmjs.org/path-type/-/path-type-4.0.0.tgz",
            "integrity": "sha512-gDKb8aZMDeD/tZWs9P6+q0J9Mwkdl6xMV8TjnGP3qJVJ06bdMgkbBlLU8IdfOsIsFz2BW1rNVT3XuNEl8zPAvw==",
            "dev": true,
            "license": "MIT",
            "engines": {
                "node": ">=8"
            }
        },
        "node_modules/picomatch": {
            "version": "2.3.2",
            "resolved": "https://registry.npmjs.org/picomatch/-/picomatch-2.3.2.tgz",
            "integrity": "sha512-V7+vQEJ06Z+c5tSye8S+nHUfI51xoXIXjHQ99cQtKUkQqqO1kO/KCJUfZXuB47h/YBlDhah2H3hdUGXn8ie0oA==",
            "dev": true,
            "license": "MIT",
            "engines": {
                "node": ">=8.6"
            },
            "funding": {
                "url": "https://github.com/sponsors/jonschlinkert"
            }
        },
        "node_modules/pino": {
            "version": "10.3.1",
            "resolved": "https://registry.npmjs.org/pino/-/pino-10.3.1.tgz",
            "integrity": "sha512-r34yH/GlQpKZbU1BvFFqOjhISRo1MNx1tWYsYvmj6KIRHSPMT2+yHOEb1SG6NMvRoHRF0a07kCOox/9yakl1vg==",
            "license": "MIT",
            "dependencies": {
                "@pinojs/redact": "^0.4.0",
                "atomic-sleep": "^1.0.0",
                "on-exit-leak-free": "^2.1.0",
                "pino-abstract-transport": "^3.0.0",
                "pino-std-serializers": "^7.0.0",
                "process-warning": "^5.0.0",
                "quick-format-unescaped": "^4.0.3",
                "real-require": "^0.2.0",
                "safe-stable-stringify": "^2.3.1",
                "sonic-boom": "^4.0.1",
                "thread-stream": "^4.0.0"
            },
            "bin": {
                "pino": "bin.js"
            }
        },
        "node_modules/pino-abstract-transport": {
            "version": "3.0.0",
            "resolved": "https://registry.npmjs.org/pino-abstract-transport/-/pino-abstract-transport-3.0.0.tgz",
            "integrity": "sha512-wlfUczU+n7Hy/Ha5j9a/gZNy7We5+cXp8YL+X+PG8S0KXxw7n/JXA3c46Y0zQznIJ83URJiwy7Lh56WLokNuxg==",
            "license": "MIT",
            "dependencies": {
                "split2": "^4.0.0"
            }
        },
        "node_modules/pino-std-serializers": {
            "version": "7.1.0",
            "resolved": "https://registry.npmjs.org/pino-std-serializers/-/pino-std-serializers-7.1.0.tgz",
            "integrity": "sha512-BndPH67/JxGExRgiX1dX0w1FvZck5Wa4aal9198SrRhZjH3GxKQUKIBnYJTdj2HDN3UQAS06HlfcSbQj2OHmaw==",
            "license": "MIT"
        },
        "node_modules/plimit-lit": {
            "version": "1.6.1",
            "resolved": "https://registry.npmjs.org/plimit-lit/-/plimit-lit-1.6.1.tgz",
            "integrity": "sha512-B7+VDyb8Tl6oMJT9oSO2CW8XC/T4UcJGrwOVoNGwOQsQYhlpfajmrMj5xeejqaASq3V/EqThyOeATEOMuSEXiA==",
            "dev": true,
            "license": "MIT",
            "dependencies": {
                "queue-lit": "^1.5.1"
            },
            "engines": {
                "node": ">=12"
            }
        },
        "node_modules/process-warning": {
            "version": "5.0.0",
            "resolved": "https://registry.npmjs.org/process-warning/-/process-warning-5.0.0.tgz",
            "integrity": "sha512-a39t9ApHNx2L4+HBnQKqxxHNs1r7KF+Intd8Q/g1bUh6q0WIp9voPXJ/x0j+ZL45KF1pJd9+q2jLIRMfvEshkA==",
            "funding": [
                {
                    "type": "github",
                    "url": "https://github.com/sponsors/fastify"
                },
                {
                    "type": "opencollective",
                    "url": "https://opencollective.com/fastify"
                }
            ],
            "license": "MIT"
        },
        "node_modules/queue-lit": {
            "version": "1.5.2",
            "resolved": "https://registry.npmjs.org/queue-lit/-/queue-lit-1.5.2.tgz",
            "integrity": "sha512-tLc36IOPeMAubu8BkW8YDBV+WyIgKlYU7zUNs0J5Vk9skSZ4JfGlPOqplP0aHdfv7HL0B2Pg6nwiq60Qc6M2Hw==",
            "dev": true,
            "license": "MIT",
            "engines": {
                "node": ">=12"
            }
        },
        "node_modules/queue-microtask": {
            "version": "1.2.3",
            "resolved": "https://registry.npmjs.org/queue-microtask/-/queue-microtask-1.2.3.tgz",
            "integrity": "sha512-NuaNSa6flKT5JaSYQzJok04JzTL1CA6aGhv5rfLW3PgqA+M2ChpZQnAC8h8i4ZFkBS8X5RqkDBHA7r4hej3K9A==",
            "dev": true,
            "funding": [
                {
                    "type": "github",
                    "url": "https://github.com/sponsors/feross"
                },
                {
                    "type": "patreon",
                    "url": "https://www.patreon.com/feross"
                },
                {
                    "type": "consulting",
                    "url": "https://feross.org/support"
                }
            ],
            "license": "MIT"
        },
        "node_modules/quick-format-unescaped": {
            "version": "4.0.4",
            "resolved": "https://registry.npmjs.org/quick-format-unescaped/-/quick-format-unescaped-4.0.4.tgz",
            "integrity": "sha512-tYC1Q1hgyRuHgloV/YXs2w15unPVh8qfu/qCTfhTYamaw7fyhumKa2yGpdSo87vY32rIclj+4fWYQXUMs9EHvg==",
            "license": "MIT"
        },
        "node_modules/readdirp": {
            "version": "3.6.0",
            "resolved": "https://registry.npmjs.org/readdirp/-/readdirp-3.6.0.tgz",
            "integrity": "sha512-hOS089on8RduqdbhvQ5Z37A0ESjsqz6qnRcffsMU3495FuTdqSm+7bhJ29JvIOsBDEEnan5DPu9t3To9VRlMzA==",
            "dev": true,
            "license": "MIT",
            "dependencies": {
                "picomatch": "^2.2.1"
            },
            "engines": {
                "node": ">=8.10.0"
            }
        },
        "node_modules/real-require": {
            "version": "0.2.0",
            "resolved": "https://registry.npmjs.org/real-require/-/real-require-0.2.0.tgz",
            "integrity": "sha512-57frrGM/OCTLqLOAh0mhVA9VBMHd+9U7Zb2THMGdBUoZVOtGbJzjxsYGDJ3A9AYYCP4hn6y1TVbaOfzWtm5GFg==",
            "license": "MIT",
            "engines": {
                "node": ">= 12.13.0"
            }
        },
        "node_modules/resolve-pkg-maps": {
            "version": "1.0.0",
            "resolved": "https://registry.npmjs.org/resolve-pkg-maps/-/resolve-pkg-maps-1.0.0.tgz",
            "integrity": "sha512-seS2Tj26TBVOC2NIc2rOe2y2ZO7efxITtLZcGSOnHHNOQ7CkiUBfw0Iw2ck6xkIhPwLhKNLS8BO+hEpngQlqzw==",
            "dev": true,
            "license": "MIT",
            "funding": {
                "url": "https://github.com/privatenumber/resolve-pkg-maps?sponsor=1"
            }
        },
        "node_modules/reusify": {
            "version": "1.1.0",
            "resolved": "https://registry.npmjs.org/reusify/-/reusify-1.1.0.tgz",
            "integrity": "sha512-g6QUff04oZpHs0eG5p83rFLhHeV00ug/Yf9nZM6fLeUrPguBTkTQOdpAWWspMh55TZfVQDPaN3NQJfbVRAxdIw==",
            "dev": true,
            "license": "MIT",
            "engines": {
                "iojs": ">=1.0.0",
                "node": ">=0.10.0"
            }
        },
        "node_modules/rimraf": {
            "version": "6.1.3",
            "resolved": "https://registry.npmjs.org/rimraf/-/rimraf-6.1.3.tgz",
            "integrity": "sha512-LKg+Cr2ZF61fkcaK1UdkH2yEBBKnYjTyWzTJT6KNPcSPaiT7HSdhtMXQuN5wkTX0Xu72KQ1l8S42rlmexS2hSA==",
            "dev": true,
            "license": "BlueOak-1.0.0",
            "dependencies": {
                "glob": "^13.0.3",
                "package-json-from-dist": "^1.0.1"
            },
            "bin": {
                "rimraf": "dist/esm/bin.mjs"
            },
            "engines": {
                "node": "20 || >=22"
            },
            "funding": {
                "url": "https://github.com/sponsors/isaacs"
            }
        },
        "node_modules/run-parallel": {
            "version": "1.2.0",
            "resolved": "https://registry.npmjs.org/run-parallel/-/run-parallel-1.2.0.tgz",
            "integrity": "sha512-5l4VyZR86LZ/lDxZTR6jqL8AFE2S0IFLMP26AbjsLVADxHdhB/c0GUsH+y39UfCi3dzz8OlQuPmnaJOMoDHQBA==",
            "dev": true,
            "funding": [
                {
                    "type": "github",
                    "url": "https://github.com/sponsors/feross"
                },
                {
                    "type": "patreon",
                    "url": "https://www.patreon.com/feross"
                },
                {
                    "type": "consulting",
                    "url": "https://feross.org/support"
                }
            ],
            "license": "MIT",
            "dependencies": {
                "queue-microtask": "^1.2.2"
            }
        },
        "node_modules/safe-stable-stringify": {
            "version": "2.5.0",
            "resolved": "https://registry.npmjs.org/safe-stable-stringify/-/safe-stable-stringify-2.5.0.tgz",
            "integrity": "sha512-b3rppTKm9T+PsVCBEOUR46GWI7fdOs00VKZ1+9c1EWDaDMvjQc6tUwuFyIprgGgTcWoVHSKrU8H31ZHA2e0RHA==",
            "license": "MIT",
            "engines": {
                "node": ">=10"
            }
        },
        "node_modules/slash": {
            "version": "3.0.0",
            "resolved": "https://registry.npmjs.org/slash/-/slash-3.0.0.tgz",
            "integrity": "sha512-g9Q1haeby36OSStwb4ntCGGGaKsaVSjQ68fBxoQcutl5fS1vuY18H3wSt3jFyFtrkx+Kz0V1G85A4MyAdDMi2Q==",
            "dev": true,
            "license": "MIT",
            "engines": {
                "node": ">=8"
            }
        },
        "node_modules/sonic-boom": {
            "version": "4.2.1",
            "resolved": "https://registry.npmjs.org/sonic-boom/-/sonic-boom-4.2.1.tgz",
            "integrity": "sha512-w6AxtubXa2wTXAUsZMMWERrsIRAdrK0Sc+FUytWvYAhBJLyuI4llrMIC1DtlNSdI99EI86KZum2MMq3EAZlF9Q==",
            "license": "MIT",
            "dependencies": {
                "atomic-sleep": "^1.0.0"
            }
        },
        "node_modules/split2": {
            "version": "4.2.0",
            "resolved": "https://registry.npmjs.org/split2/-/split2-4.2.0.tgz",
            "integrity": "sha512-UcjcJOWknrNkF6PLX83qcHM6KHgVKNkV62Y8a5uYDVv9ydGQVwAHMKqHdJje1VTWpljG0WYpCDhrCdAOYH4TWg==",
            "license": "ISC",
            "engines": {
                "node": ">= 10.x"
            }
        },
        "node_modules/thread-stream": {
            "version": "4.2.0",
            "resolved": "https://registry.npmjs.org/thread-stream/-/thread-stream-4.2.0.tgz",
            "integrity": "sha512-e2zZ96wSChazBsbENf/Pcm/4swHt2cEKQ92rhUjkL9GCKiTDJIaTBenjE/m9DXi0QBmTMDkFDdOomUy20A1tDQ==",
            "license": "MIT",
            "dependencies": {
                "real-require": "^1.0.0"
            },
            "engines": {
                "node": ">=20"
            }
        },
        "node_modules/thread-stream/node_modules/real-require": {
            "version": "1.0.0",
            "resolved": "https://registry.npmjs.org/real-require/-/real-require-1.0.0.tgz",
            "integrity": "sha512-P4nbQYQfePJxRSmY+v/KINxVucm4NF3p3s7pJveMTtom52FR4YGltUQLB8idDXwDDWW+eYrWDFbuzUnjoWHF7g==",
            "license": "MIT"
        },
        "node_modules/to-regex-range": {
            "version": "5.0.1",
            "resolved": "https://registry.npmjs.org/to-regex-range/-/to-regex-range-5.0.1.tgz",
            "integrity": "sha512-65P7iz6X5yEr1cwcgvQxbbIw7Uk3gOy5dIdtZ4rDveLqhrdJP+Li/Hx6tyK0NEb+2GCyneCMJiGqrADCSNk8sQ==",
            "dev": true,
            "license": "MIT",
            "dependencies": {
                "is-number": "^7.0.0"
            },
            "engines": {
                "node": ">=8.0"
            }
        },
        "node_modules/tsc-alias": {
            "version": "1.8.17",
            "resolved": "https://registry.npmjs.org/tsc-alias/-/tsc-alias-1.8.17.tgz",
            "integrity": "sha512-EIduCZHqbNwPm8BZYfq1aD7BQ697A4h6uSGMOFQfYGoQwfrYFTKwYfy9Bv42YxHkduVBcn9Zx0DkX111DKskyg==",
            "dev": true,
            "license": "MIT",
            "dependencies": {
                "chokidar": "^3.5.3",
                "commander": "^9.0.0",
                "get-tsconfig": "^4.10.0",
                "globby": "^11.0.4",
                "mylas": "^2.1.9",
                "normalize-path": "^3.0.0",
                "plimit-lit": "^1.2.6"
            },
            "bin": {
                "tsc-alias": "dist/bin/index.js"
            },
            "engines": {
                "node": ">=16.20.2"
            }
        },
        "node_modules/typescript": {
            "version": "6.0.3",
            "resolved": "https://registry.npmjs.org/typescript/-/typescript-6.0.3.tgz",
            "integrity": "sha512-y2TvuxSZPDyQakkFRPZHKFm+KKVqIisdg9/CZwm9ftvKXLP8NRWj38/ODjNbr43SsoXqNuAisEf1GdCxqWcdBw==",
            "dev": true,
            "license": "Apache-2.0",
            "bin": {
                "tsc": "bin/tsc",
                "tsserver": "bin/tsserver"
            },
            "engines": {
                "node": ">=14.17"
            }
        },
        "node_modules/undici-types": {
            "version": "7.24.6",
            "resolved": "https://registry.npmjs.org/undici-types/-/undici-types-7.24.6.tgz",
            "integrity": "sha512-WRNW+sJgj5OBN4/0JpHFqtqzhpbnV0GuB+OozA9gCL7a993SmU+1JBZCzLNxYsbMfIeDL+lTsphD5jN5N+n0zg==",
            "dev": true,
            "license": "MIT"
        }
    }
}
